
Microsoft Visual Studio Solution File, Format Version 12.00
# Visual Studio 2013
VisualStudioVersion = 12.0.31101.0
MinimumVisualStudioVersion = 10.0.40219.1
Project("{FAE04EC0-301F-11D3-BF4B-00C04F79EFBC}") = "ImportIATAData", "ImportIATAData\ImportIATAData.csproj", "{D04CF265-0AFF-4C4D-A2C7-0A9549494CAA}"
EndProject
Project("{FAE04EC0-301F-11D3-BF4B-00C04F79EFBC}") = "RateMyAirline", "RateMyAirline\RateMyAirline.csproj", "{3B0A543A-8F8A-4E40-8D5D-7A4D81811E9D}"
EndProject
Global
	GlobalSection(SolutionConfigurationPlatforms) = preSolution
		Debug|Any CPU = Debug|Any CPU
		Release|Any CPU = Release|Any CPU
	EndGlobalSection
	GlobalSection(ProjectConfigurationPlatforms) = postSolution
		{D04CF265-0AFF-4C4D-A2C7-0A9549494CAA}.Debug|Any CPU.ActiveCfg = Debug|Any CPU
		{D04CF265-0AFF-4C4D-A2C7-0A9549494CAA}.Debug|Any CPU.Build.0 = Debug|Any CPU
		{D04CF265-0AFF-4C4D-A2C7-0A9549494CAA}.Release|Any CPU.ActiveCfg = Release|Any CPU
		{D04CF265-0AFF-4C4D-A2C7-0A9549494CAA}.Release|Any CPU.Build.0 = Release|Any CPU
		{3B0A543A-8F8A-4E40-8D5D-7A4D81811E9D}.Debug|Any CPU.ActiveCfg = Debug|Any CPU
		{3B0A543A-8F8A-4E40-8D5D-7A4D81811E9D}.Debug|Any CPU.Build.0 = Debug|Any CPU
		{3B0A543A-8F8A-4E40-8D5D-7A4D81811E9D}.Release|Any CPU.ActiveCfg = Release|Any CPU
		{3B0A543A-8F8A-4E40-8D5D-7A4D81811E9D}.Release|Any CPU.Build.0 = Release|Any CPU
	EndGlobalSection
	GlobalSection(SolutionProperties) = preSolution
		HideSolutionNode = FALSE
	EndGlobalSection
EndGlobal
